
Microsoft Visual Studio Solution File, Format Version 12.00
# Visual Studio 15
VisualStudioVersion = 15.0.26730.16
MinimumVisualStudioVersion = 10.0.40219.1
Project("{FAE04EC0-301F-11D3-BF4B-00C04F79EFBC}") = "MvcDoodles", "MvcDoodles\MvcDoodles.csproj", "{B8F83D36-490A-4C11-B806-395030FC5F20}"
EndProject
Project("{FAE04EC0-301F-11D3-BF4B-00C04F79EFBC}") = "MvcDoodles.Tests", "MvcDoodles.Tests\MvcDoodles.Tests.csproj", "{6CA8C692-0D4C-4E4F-9917-B00B5F34E624}"
EndProject
Global
	GlobalSection(SolutionConfigurationPlatforms) = preSolution
		Debug|Any CPU = Debug|Any CPU
		Release|Any CPU = Release|Any CPU
	EndGlobalSection
	GlobalSection(ProjectConfigurationPlatforms) = postSolution
		{B8F83D36-490A-4C11-B806-395030FC5F20}.Debug|Any CPU.ActiveCfg = Debug|Any CPU
		{B8F83D36-490A-4C11-B806-395030FC5F20}.Debug|Any CPU.Build.0 = Debug|Any CPU
		{B8F83D36-490A-4C11-B806-395030FC5F20}.Release|Any CPU.ActiveCfg = Release|Any CPU
		{B8F83D36-490A-4C11-B806-395030FC5F20}.Release|Any CPU.Build.0 = Release|Any CPU
		{6CA8C692-0D4C-4E4F-9917-B00B5F34E624}.Debug|Any CPU.ActiveCfg = Debug|Any CPU
		{6CA8C692-0D4C-4E4F-9917-B00B5F34E624}.Debug|Any CPU.Build.0 = Debug|Any CPU
		{6CA8C692-0D4C-4E4F-9917-B00B5F34E624}.Release|Any CPU.ActiveCfg = Release|Any CPU
		{6CA8C692-0D4C-4E4F-9917-B00B5F34E624}.Release|Any CPU.Build.0 = Release|Any CPU
	EndGlobalSection
	GlobalSection(SolutionProperties) = preSolution
		HideSolutionNode = FALSE
	EndGlobalSection
	GlobalSection(ExtensibilityGlobals) = postSolution
		SolutionGuid = {7FC1F4C5-3581-4F86-9870-0AB338315C41}
	EndGlobalSection
EndGlobal
